
Microsoft Visual Studio Solution File, Format Version 12.00
# Visual Studio Version 17
VisualStudioVersion = 17.14.36930.0
MinimumVisualStudioVersion = 10.0.40219.1
Project("{FAE04EC0-301F-11D3-BF4B-00C04F79EFBC}") = "WebApplication3", "WebApplication3\WebApplication3.csproj", "{4778E2E9-DD76-4A7C-A3A5-3DEBB62A828D}"
EndProject
Project("{FAE04EC0-301F-11D3-BF4B-00C04F79EFBC}") = "ClassLibrary1", "ClassLibrary1\ClassLibrary1.csproj", "{DE09CAB9-F1AC-4C2B-AE34-56F3243DC547}"
EndProject
Global
	GlobalSection(SolutionConfigurationPlatforms) = preSolution
		Debug|Any CPU = Debug|Any CPU
		Release|Any CPU = Release|Any CPU
	EndGlobalSection
	GlobalSection(ProjectConfigurationPlatforms) = postSolution
		{4778E2E9-DD76-4A7C-A3A5-3DEBB62A828D}.Debug|Any CPU.ActiveCfg = Debug|Any CPU
		{4778E2E9-DD76-4A7C-A3A5-3DEBB62A828D}.Debug|Any CPU.Build.0 = Debug|Any CPU
		{4778E2E9-DD76-4A7C-A3A5-3DEBB62A828D}.Release|Any CPU.ActiveCfg = Release|Any CPU
		{4778E2E9-DD76-4A7C-A3A5-3DEBB62A828D}.Release|Any CPU.Build.0 = Release|Any CPU
		{DE09CAB9-F1AC-4C2B-AE34-56F3243DC547}.Debug|Any CPU.ActiveCfg = Debug|Any CPU
		{DE09CAB9-F1AC-4C2B-AE34-56F3243DC547}.Debug|Any CPU.Build.0 = Debug|Any CPU
		{DE09CAB9-F1AC-4C2B-AE34-56F3243DC547}.Release|Any CPU.ActiveCfg = Release|Any CPU
		{DE09CAB9-F1AC-4C2B-AE34-56F3243DC547}.Release|Any CPU.Build.0 = Release|Any CPU
	EndGlobalSection
	GlobalSection(SolutionProperties) = preSolution
		HideSolutionNode = FALSE
	EndGlobalSection
	GlobalSection(ExtensibilityGlobals) = postSolution
		SolutionGuid = {557A8D1B-E577-43D7-80EB-5A022E620A99}
	EndGlobalSection
EndGlobal
